
Microsoft Visual Studio Solution File, Format Version 12.00
# Visual Studio Version 16
VisualStudioVersion = 16.0.31702.278
MinimumVisualStudioVersion = 10.0.40219.1
Project("{FAE04EC0-301F-11D3-BF4B-00C04F79EFBC}") = "BancoDeDados", "BancoDeDados\BancoDeDados.csproj", "{287F42C5-F5CD-47B9-8DDF-F5C38FDDE607}"
EndProject
Global
	GlobalSection(SolutionConfigurationPlatforms) = preSolution
		Debug|Any CPU = Debug|Any CPU
		Release|Any CPU = Release|Any CPU
	EndGlobalSection
	GlobalSection(ProjectConfigurationPlatforms) = postSolution
		{287F42C5-F5CD-47B9-8DDF-F5C38FDDE607}.Debug|Any CPU.ActiveCfg = Debug|Any CPU
		{287F42C5-F5CD-47B9-8DDF-F5C38FDDE607}.Debug|Any CPU.Build.0 = Debug|Any CPU
		{287F42C5-F5CD-47B9-8DDF-F5C38FDDE607}.Release|Any CPU.ActiveCfg = Release|Any CPU
		{287F42C5-F5CD-47B9-8DDF-F5C38FDDE607}.Release|Any CPU.Build.0 = Release|Any CPU
	EndGlobalSection
	GlobalSection(SolutionProperties) = preSolution
		HideSolutionNode = FALSE
	EndGlobalSection
	GlobalSection(ExtensibilityGlobals) = postSolution
		SolutionGuid = {B9913E3F-493B-47C7-B785-A9E44DD67F83}
	EndGlobalSection
EndGlobal
