
Microsoft Visual Studio Solution File, Format Version 12.00
# Visual Studio Version 16
VisualStudioVersion = 16.0.31702.278
MinimumVisualStudioVersion = 10.0.40219.1
Project("{FAE04EC0-301F-11D3-BF4B-00C04F79EFBC}") = "WinFormsApp2", "WinFormsApp2\WinFormsApp2.csproj", "{35179E70-990A-4E40-995A-0D1AD5A0229E}"
EndProject
Global
	GlobalSection(SolutionConfigurationPlatforms) = preSolution
		Debug|Any CPU = Debug|Any CPU
		Release|Any CPU = Release|Any CPU
	EndGlobalSection
	GlobalSection(ProjectConfigurationPlatforms) = postSolution
		{35179E70-990A-4E40-995A-0D1AD5A0229E}.Debug|Any CPU.ActiveCfg = Debug|Any CPU
		{35179E70-990A-4E40-995A-0D1AD5A0229E}.Debug|Any CPU.Build.0 = Debug|Any CPU
		{35179E70-990A-4E40-995A-0D1AD5A0229E}.Release|Any CPU.ActiveCfg = Release|Any CPU
		{35179E70-990A-4E40-995A-0D1AD5A0229E}.Release|Any CPU.Build.0 = Release|Any CPU
	EndGlobalSection
	GlobalSection(SolutionProperties) = preSolution
		HideSolutionNode = FALSE
	EndGlobalSection
	GlobalSection(ExtensibilityGlobals) = postSolution
		SolutionGuid = {10D32540-1C79-413C-8998-9F5048705C11}
	EndGlobalSection
EndGlobal
