
Microsoft Visual Studio Solution File, Format Version 12.00
# Visual Studio Version 16
VisualStudioVersion = 16.0.31702.278
MinimumVisualStudioVersion = 10.0.40219.1
Project("{FAE04EC0-301F-11D3-BF4B-00C04F79EFBC}") = "TryCatch", "TryCatch\TryCatch.csproj", "{7768A58F-0C79-47E2-8E74-0EDAA5EBEB10}"
EndProject
Global
	GlobalSection(SolutionConfigurationPlatforms) = preSolution
		Debug|Any CPU = Debug|Any CPU
		Release|Any CPU = Release|Any CPU
	EndGlobalSection
	GlobalSection(ProjectConfigurationPlatforms) = postSolution
		{7768A58F-0C79-47E2-8E74-0EDAA5EBEB10}.Debug|Any CPU.ActiveCfg = Debug|Any CPU
		{7768A58F-0C79-47E2-8E74-0EDAA5EBEB10}.Debug|Any CPU.Build.0 = Debug|Any CPU
		{7768A58F-0C79-47E2-8E74-0EDAA5EBEB10}.Release|Any CPU.ActiveCfg = Release|Any CPU
		{7768A58F-0C79-47E2-8E74-0EDAA5EBEB10}.Release|Any CPU.Build.0 = Release|Any CPU
	EndGlobalSection
	GlobalSection(SolutionProperties) = preSolution
		HideSolutionNode = FALSE
	EndGlobalSection
	GlobalSection(ExtensibilityGlobals) = postSolution
		SolutionGuid = {A9469D43-9199-4EB8-B057-82F5FF58D4F2}
	EndGlobalSection
EndGlobal
